
Microsoft Visual Studio Solution File, Format Version 12.00
# Visual Studio Version 17
VisualStudioVersion = 17.8.34330.188
MinimumVisualStudioVersion = 10.0.40219.1
Project("{FAE04EC0-301F-11D3-BF4B-00C04F79EFBC}") = "Ödev", "Ödev\Ödev.csproj", "{8EE16B82-1A00-4A77-94B0-E6588F991074}"
EndProject
Global
	GlobalSection(SolutionConfigurationPlatforms) = preSolution
		Debug|Any CPU = Debug|Any CPU
		Release|Any CPU = Release|Any CPU
	EndGlobalSection
	GlobalSection(ProjectConfigurationPlatforms) = postSolution
		{8EE16B82-1A00-4A77-94B0-E6588F991074}.Debug|Any CPU.ActiveCfg = Debug|Any CPU
		{8EE16B82-1A00-4A77-94B0-E6588F991074}.Debug|Any CPU.Build.0 = Debug|Any CPU
		{8EE16B82-1A00-4A77-94B0-E6588F991074}.Release|Any CPU.ActiveCfg = Release|Any CPU
		{8EE16B82-1A00-4A77-94B0-E6588F991074}.Release|Any CPU.Build.0 = Release|Any CPU
	EndGlobalSection
	GlobalSection(SolutionProperties) = preSolution
		HideSolutionNode = FALSE
	EndGlobalSection
	GlobalSection(ExtensibilityGlobals) = postSolution
		SolutionGuid = {B6C8F9B7-554B-4820-BFEA-A7F3E2BB060E}
	EndGlobalSection
EndGlobal
